{
    "_readme": [
        "This file locks the dependencies of your project to a known state",
        "Read more about it at https://getcomposer.org/doc/01-basic-usage.md#composer-lock-the-lock-file",
        "This file is @generated automatically"
    ],
    "hash": "a7e5f965bff0d37706640e250ef5478a",
    "content-hash": "94049bbbf739b861b56873ec0c723893",
    "packages": [
        {
            "name": "aura/cli",
            "version": "2.x-dev",
            "source": {
                "type": "git",
                "url": "https://github.com/auraphp/Aura.Cli.git",
                "reference": "65d945819d51379a20371ebf3893987cdc18af5a"
            },
            "dist": {
                "type": "zip",
                "url": "https://api.github.com/repos/auraphp/Aura.Cli/zipball/65d945819d51379a20371ebf3893987cdc18af5a",
                "reference": "65d945819d51379a20371ebf3893987cdc18af5a",
                "shasum": ""
            },
            "require": {
                "php": ">=5.3.0"
            },
            "require-dev": {
                "aura/di": "~2.0"
            },
            "type": "library",
            "extra": {
                "aura": {
                    "type": "library",
                    "config": {
                        "common": "Aura\\Cli\\_Config\\Common"
                    }
                }
            },
            "autoload": {
                "psr-4": {
                    "Aura\\Cli\\": "src/",
                    "Aura\\Cli\\_Config\\": "config/"
                }
            },
            "notification-url": "https://packagist.org/downloads/",
            "license": [
                "BSD-2-Clause"
            ],
            "authors": [
                {
                    "name": "Aura.Cli Contributors",
                    "homepage": "https://github.com/auraphp/Aura.Cli/contributors"
                }
            ],
            "description": "Provides the equivalent of request (Context) and response (Stdio) classes for a command line environment, including Getopt support.",
            "homepage": "https://github.com/auraphp/Aura.Cli",
            "keywords": [
                "cli",
                "command",
                "command line",
                "getopt",
                "options",
                "stdio"
            ],
            "time": "2016-01-05 16:13:31"
        },
        {
            "name": "league/csv",
            "version": "dev-master",
            "source": {
                "type": "git",
                "url": "https://github.com/thephpleague/csv.git",
                "reference": "0a1b535df48507f58ed3c7ab44e72272b11163ac"
            },
            "dist": {
                "type": "zip",
                "url": "https://api.github.com/repos/thephpleague/csv/zipball/0a1b535df48507f58ed3c7ab44e72272b11163ac",
                "reference": "0a1b535df48507f58ed3c7ab44e72272b11163ac",
                "shasum": ""
            },
            "require": {
                "ext-mbstring": "*",
                "php": ">=5.5.0"
            },
            "require-dev": {
                "fabpot/php-cs-fixer": "^1.9",
                "phpunit/phpunit": "^4.0"
            },
            "type": "library",
            "extra": {
                "branch-alias": {
                    "dev-master": "8.0-dev"
                }
            },
            "autoload": {
                "psr-4": {
                    "League\\Csv\\": "src"
                }
            },
            "notification-url": "https://packagist.org/downloads/",
            "license": [
                "MIT"
            ],
            "authors": [
                {
                    "name": "Ignace Nyamagana Butera",
                    "email": "nyamsprod@gmail.com",
                    "homepage": "https://github.com/nyamsprod/",
                    "role": "Developer"
                }
            ],
            "description": "Csv data manipulation made easy in PHP",
            "homepage": "http://csv.thephpleague.com",
            "keywords": [
                "csv",
                "export",
                "filter",
                "import",
                "read",
                "write"
            ],
            "time": "2015-12-11 09:28:14"
        }
    ],
    "packages-dev": [],
    "aliases": [],
    "minimum-stability": "dev",
    "stability-flags": [],
    "prefer-stable": false,
    "prefer-lowest": false,
    "platform": [],
    "platform-dev": []
}
